// !$*UTF8*$!
{
	archiveVersion = 1;
	classes = {
	};
	objectVersion = 56;
	objects = {

/* Begin PBXBuildFile section */
		7C027E7D2ABF53940001C7ED /* libz.tbd in Frameworks */ = {isa = PBXBuildFile; fileRef = 7C027E7C2ABF53890001C7ED /* libz.tbd */; };
		7C027E7F2ABF53DC0001C7ED /* libc++.tbd in Frameworks */ = {isa = PBXBuildFile; fileRef = 7C027E7E2ABF53D40001C7ED /* libc++.tbd */; };
		7C027E812ABFB7C60001C7ED /* sunscreen_ballot.swift in Sources */ = {isa = PBXBuildFile; fileRef = 7C027E802ABFB7C60001C7ED /* sunscreen_ballot.swift */; };
		7C027E832ABFB7D90001C7ED /* Ballot.xcframework in Frameworks */ = {isa = PBXBuildFile; fileRef = 7C027E822ABFB7D90001C7ED /* Ballot.xcframework */; };
		7C027E842ABFB7D90001C7ED /* Ballot.xcframework in Embed Frameworks */ = {isa = PBXBuildFile; fileRef = 7C027E822ABFB7D90001C7ED /* Ballot.xcframework */; settings = {ATTRIBUTES = (CodeSignOnCopy, RemoveHeadersOnCopy, ); }; };
		7C027E862AC0131D0001C7ED /* AsyncButton.swift in Sources */ = {isa = PBXBuildFile; fileRef = 7C027E852AC0131D0001C7ED /* AsyncButton.swift */; };
		7C0C08C62ABF51AE005E0D12 /* sunscreen_testApp.swift in Sources */ = {isa = PBXBuildFile; fileRef = 7C0C08C52ABF51AE005E0D12 /* sunscreen_testApp.swift */; };
		7C0C08C82ABF51AE005E0D12 /* ContentView.swift in Sources */ = {isa = PBXBuildFile; fileRef = 7C0C08C72ABF51AE005E0D12 /* ContentView.swift */; };
		7C0C08CA2ABF51AF005E0D12 /* Assets.xcassets in Resources */ = {isa = PBXBuildFile; fileRef = 7C0C08C92ABF51AF005E0D12 /* Assets.xcassets */; };
		7C0C08CD2ABF51AF005E0D12 /* Preview Assets.xcassets in Resources */ = {isa = PBXBuildFile; fileRef = 7C0C08CC2ABF51AF005E0D12 /* Preview Assets.xcassets */; };
/* End PBXBuildFile section */

/* Begin PBXCopyFilesBuildPhase section */
		7C0C08DA2ABF5276005E0D12 /* Embed Frameworks */ = {
			isa = PBXCopyFilesBuildPhase;
			buildActionMask = 2147483647;
			dstPath = "";
			dstSubfolderSpec = 10;
			files = (
				7C027E842ABFB7D90001C7ED /* Ballot.xcframework in Embed Frameworks */,
			);
			name = "Embed Frameworks";
			runOnlyForDeploymentPostprocessing = 0;
		};
/* End PBXCopyFilesBuildPhase section */

/* Begin PBXFileReference section */
		7C027E7C2ABF53890001C7ED /* libz.tbd */ = {isa = PBXFileReference; lastKnownFileType = "sourcecode.text-based-dylib-definition"; name = libz.tbd; path = usr/lib/libz.tbd; sourceTree = SDKROOT; };
		7C027E7E2ABF53D40001C7ED /* libc++.tbd */ = {isa = PBXFileReference; lastKnownFileType = "sourcecode.text-based-dylib-definition"; name = "libc++.tbd"; path = "usr/lib/libc++.tbd"; sourceTree = SDKROOT; };
		7C027E802ABFB7C60001C7ED /* sunscreen_ballot.swift */ = {isa = PBXFileReference; fileEncoding = 4; lastKnownFileType = sourcecode.swift; path = sunscreen_ballot.swift; sourceTree = "<group>"; };
		7C027E822ABFB7D90001C7ED /* Ballot.xcframework */ = {isa = PBXFileReference; lastKnownFileType = wrapper.xcframework; name = Ballot.xcframework; path = sunscreen_test/Ballot.xcframework; sourceTree = "<group>"; };
		7C027E852AC0131D0001C7ED /* AsyncButton.swift */ = {isa = PBXFileReference; lastKnownFileType = sourcecode.swift; path = AsyncButton.swift; sourceTree = "<group>"; };
		7C0C08C22ABF51AE005E0D12 /* sunscreen_test.app */ = {isa = PBXFileReference; explicitFileType = wrapper.application; includeInIndex = 0; path = sunscreen_test.app; sourceTree = BUILT_PRODUCTS_DIR; };
		7C0C08C52ABF51AE005E0D12 /* sunscreen_testApp.swift */ = {isa = PBXFileReference; lastKnownFileType = sourcecode.swift; path = sunscreen_testApp.swift; sourceTree = "<group>"; };
		7C0C08C72ABF51AE005E0D12 /* ContentView.swift */ = {isa = PBXFileReference; lastKnownFileType = sourcecode.swift; path = ContentView.swift; sourceTree = "<group>"; };
		7C0C08C92ABF51AF005E0D12 /* Assets.xcassets */ = {isa = PBXFileReference; lastKnownFileType = folder.assetcatalog; path = Assets.xcassets; sourceTree = "<group>"; };
		7C0C08CC2ABF51AF005E0D12 /* Preview Assets.xcassets */ = {isa = PBXFileReference; lastKnownFileType = folder.assetcatalog; path = "Preview Assets.xcassets"; sourceTree = "<group>"; };
/* End PBXFileReference section */

/* Begin PBXFrameworksBuildPhase section */
		7C0C08BF2ABF51AE005E0D12 /* Frameworks */ = {
			isa = PBXFrameworksBuildPhase;
			buildActionMask = 2147483647;
			files = (
				7C027E7F2ABF53DC0001C7ED /* libc++.tbd in Frameworks */,
				7C027E832ABFB7D90001C7ED /* Ballot.xcframework in Frameworks */,
				7C027E7D2ABF53940001C7ED /* libz.tbd in Frameworks */,
			);
			runOnlyForDeploymentPostprocessing = 0;
		};
/* End PBXFrameworksBuildPhase section */

/* Begin PBXGroup section */
		7C0C08B92ABF51AE005E0D12 = {
			isa = PBXGroup;
			children = (
				7C0C08C42ABF51AE005E0D12 /* sunscreen_test */,
				7C0C08C32ABF51AE005E0D12 /* Products */,
				7C0C08D62ABF5275005E0D12 /* Frameworks */,
			);
			sourceTree = "<group>";
		};
		7C0C08C32ABF51AE005E0D12 /* Products */ = {
			isa = PBXGroup;
			children = (
				7C0C08C22ABF51AE005E0D12 /* sunscreen_test.app */,
			);
			name = Products;
			sourceTree = "<group>";
		};
		7C0C08C42ABF51AE005E0D12 /* sunscreen_test */ = {
			isa = PBXGroup;
			children = (
				7C027E802ABFB7C60001C7ED /* sunscreen_ballot.swift */,
				7C0C08C52ABF51AE005E0D12 /* sunscreen_testApp.swift */,
				7C0C08C72ABF51AE005E0D12 /* ContentView.swift */,
				7C0C08C92ABF51AF005E0D12 /* Assets.xcassets */,
				7C0C08CB2ABF51AF005E0D12 /* Preview Content */,
				7C027E852AC0131D0001C7ED /* AsyncButton.swift */,
			);
			path = sunscreen_test;
			sourceTree = "<group>";
		};
		7C0C08CB2ABF51AF005E0D12 /* Preview Content */ = {
			isa = PBXGroup;
			children = (
				7C0C08CC2ABF51AF005E0D12 /* Preview Assets.xcassets */,
			);
			path = "Preview Content";
			sourceTree = "<group>";
		};
		7C0C08D62ABF5275005E0D12 /* Frameworks */ = {
			isa = PBXGroup;
			children = (
				7C027E822ABFB7D90001C7ED /* Ballot.xcframework */,
				7C027E7E2ABF53D40001C7ED /* libc++.tbd */,
				7C027E7C2ABF53890001C7ED /* libz.tbd */,
			);
			name = Frameworks;
			sourceTree = "<group>";
		};
/* End PBXGroup section */

/* Begin PBXNativeTarget section */
		7C0C08C12ABF51AE005E0D12 /* sunscreen_test */ = {
			isa = PBXNativeTarget;
			buildConfigurationList = 7C0C08D02ABF51AF005E0D12 /* Build configuration list for PBXNativeTarget "sunscreen_test" */;
			buildPhases = (
				7C0C08BE2ABF51AE005E0D12 /* Sources */,
				7C0C08BF2ABF51AE005E0D12 /* Frameworks */,
				7C0C08C02ABF51AE005E0D12 /* Resources */,
				7C0C08DA2ABF5276005E0D12 /* Embed Frameworks */,
			);
			buildRules = (
			);
			dependencies = (
			);
			name = sunscreen_test;
			productName = sunscreen_test;
			productReference = 7C0C08C22ABF51AE005E0D12 /* sunscreen_test.app */;
			productType = "com.apple.product-type.application";
		};
/* End PBXNativeTarget section */

/* Begin PBXProject section */
		7C0C08BA2ABF51AE005E0D12 /* Project object */ = {
			isa = PBXProject;
			attributes = {
				BuildIndependentTargetsInParallel = 1;
				LastSwiftUpdateCheck = 1430;
				LastUpgradeCheck = 1430;
				TargetAttributes = {
					7C0C08C12ABF51AE005E0D12 = {
						CreatedOnToolsVersion = 14.3;
					};
				};
			};
			buildConfigurationList = 7C0C08BD2ABF51AE005E0D12 /* Build configuration list for PBXProject "sunscreen_test" */;
			compatibilityVersion = "Xcode 14.0";
			developmentRegion = en;
			hasScannedForEncodings = 0;
			knownRegions = (
				en,
				Base,
			);
			mainGroup = 7C0C08B92ABF51AE005E0D12;
			productRefGroup = 7C0C08C32ABF51AE005E0D12 /* Products */;
			projectDirPath = "";
			projectRoot = "";
			targets = (
				7C0C08C12ABF51AE005E0D12 /* sunscreen_test */,
			);
		};
/* End PBXProject section */

/* Begin PBXResourcesBuildPhase section */
		7C0C08C02ABF51AE005E0D12 /* Resources */ = {
			isa = PBXResourcesBuildPhase;
			buildActionMask = 2147483647;
			files = (
				7C0C08CD2ABF51AF005E0D12 /* Preview Assets.xcassets in Resources */,
				7C0C08CA2ABF51AF005E0D12 /* Assets.xcassets in Resources */,
			);
			runOnlyForDeploymentPostprocessing = 0;
		};
/* End PBXResourcesBuildPhase section */

/* Begin PBXSourcesBuildPhase section */
		7C0C08BE2ABF51AE005E0D12 /* Sources */ = {
			isa = PBXSourcesBuildPhase;
			buildActionMask = 2147483647;
			files = (
				7C027E812ABFB7C60001C7ED /* sunscreen_ballot.swift in Sources */,
				7C0C08C82ABF51AE005E0D12 /* ContentView.swift in Sources */,
				7C027E862AC0131D0001C7ED /* AsyncButton.swift in Sources */,
				7C0C08C62ABF51AE005E0D12 /* sunscreen_testApp.swift in Sources */,
			);
			runOnlyForDeploymentPostprocessing = 0;
		};
/* End PBXSourcesBuildPhase section */

/* Begin XCBuildConfiguration section */
		7C0C08CE2ABF51AF005E0D12 /* Debug */ = {
			isa = XCBuildConfiguration;
			buildSettings = {
				ALWAYS_SEARCH_USER_PATHS = NO;
				CLANG_ANALYZER_NONNULL = YES;
				CLANG_ANALYZER_NUMBER_OBJECT_CONVERSION = YES_AGGRESSIVE;
				CLANG_CXX_LANGUAGE_STANDARD = "gnu++20";
				CLANG_ENABLE_MODULES = YES;
				CLANG_ENABLE_OBJC_ARC = YES;
				CLANG_ENABLE_OBJC_WEAK = YES;
				CLANG_WARN_BLOCK_CAPTURE_AUTORELEASING = YES;
				CLANG_WARN_BOOL_CONVERSION = YES;
				CLANG_WARN_COMMA = YES;
				CLANG_WARN_CONSTANT_CONVERSION = YES;
				CLANG_WARN_DEPRECATED_OBJC_IMPLEMENTATIONS = YES;
				CLANG_WARN_DIRECT_OBJC_ISA_USAGE = YES_ERROR;
				CLANG_WARN_DOCUMENTATION_COMMENTS = YES;
				CLANG_WARN_EMPTY_BODY = YES;
				CLANG_WARN_ENUM_CONVERSION = YES;
				CLANG_WARN_INFINITE_RECURSION = YES;
				CLANG_WARN_INT_CONVERSION = YES;
				CLANG_WARN_NON_LITERAL_NULL_CONVERSION = YES;
				CLANG_WARN_OBJC_IMPLICIT_RETAIN_SELF = YES;
				CLANG_WARN_OBJC_LITERAL_CONVERSION = YES;
				CLANG_WARN_OBJC_ROOT_CLASS = YES_ERROR;
				CLANG_WARN_QUOTED_INCLUDE_IN_FRAMEWORK_HEADER = YES;
				CLANG_WARN_RANGE_LOOP_ANALYSIS = YES;
				CLANG_WARN_STRICT_PROTOTYPES = YES;
				CLANG_WARN_SUSPICIOUS_MOVE = YES;
				CLANG_WARN_UNGUARDED_AVAILABILITY = YES_AGGRESSIVE;
				CLANG_WARN_UNREACHABLE_CODE = YES;
				CLANG_WARN__DUPLICATE_METHOD_MATCH = YES;
				COPY_PHASE_STRIP = NO;
				DEBUG_INFORMATION_FORMAT = dwarf;
				ENABLE_STRICT_OBJC_MSGSEND = YES;
				ENABLE_TESTABILITY = YES;
				GCC_C_LANGUAGE_STANDARD = gnu11;
				GCC_DYNAMIC_NO_PIC = NO;
				GCC_NO_COMMON_BLOCKS = YES;
				GCC_OPTIMIZATION_LEVEL = 0;
				GCC_PREPROCESSOR_DEFINITIONS = (
					"DEBUG=1",
					"$(inherited)",
				);
				GCC_WARN_64_TO_32_BIT_CONVERSION = YES;
				GCC_WARN_ABOUT_RETURN_TYPE = YES_ERROR;
				GCC_WARN_UNDECLARED_SELECTOR = YES;
				GCC_WARN_UNINITIALIZED_AUTOS = YES_AGGRESSIVE;
				GCC_WARN_UNUSED_FUNCTION = YES;
				GCC_WARN_UNUSED_VARIABLE = YES;
				IPHONEOS_DEPLOYMENT_TARGET = 16.4;
				MTL_ENABLE_DEBUG_INFO = INCLUDE_SOURCE;
				MTL_FAST_MATH = YES;
				ONLY_ACTIVE_ARCH = YES;
				SDKROOT = iphoneos;
				SWIFT_ACTIVE_COMPILATION_CONDITIONS = DEBUG;
				SWIFT_OPTIMIZATION_LEVEL = "-Onone";
			};
			name = Debug;
		};
		7C0C08CF2ABF51AF005E0D12 /* Release */ = {
			isa = XCBuildConfiguration;
			buildSettings = {
				ALWAYS_SEARCH_USER_PATHS = NO;
				CLANG_ANALYZER_NONNULL = YES;
				CLANG_ANALYZER_NUMBER_OBJECT_CONVERSION = YES_AGGRESSIVE;
				CLANG_CXX_LANGUAGE_STANDARD = "gnu++20";
				CLANG_ENABLE_MODULES = YES;
				CLANG_ENABLE_OBJC_ARC = YES;
				CLANG_ENABLE_OBJC_WEAK = YES;
				CLANG_WARN_BLOCK_CAPTURE_AUTORELEASING = YES;
				CLANG_WARN_BOOL_CONVERSION = YES;
				CLANG_WARN_COMMA = YES;
				CLANG_WARN_CONSTANT_CONVERSION = YES;
				CLANG_WARN_DEPRECATED_OBJC_IMPLEMENTATIONS = YES;
				CLANG_WARN_DIRECT_OBJC_ISA_USAGE = YES_ERROR;
				CLANG_WARN_DOCUMENTATION_COMMENTS = YES;
				CLANG_WARN_EMPTY_BODY = YES;
				CLANG_WARN_ENUM_CONVERSION = YES;
				CLANG_WARN_INFINITE_RECURSION = YES;
				CLANG_WARN_INT_CONVERSION = YES;
				CLANG_WARN_NON_LITERAL_NULL_CONVERSION = YES;
				CLANG_WARN_OBJC_IMPLICIT_RETAIN_SELF = YES;
				CLANG_WARN_OBJC_LITERAL_CONVERSION = YES;
				CLANG_WARN_OBJC_ROOT_CLASS = YES_ERROR;
				CLANG_WARN_QUOTED_INCLUDE_IN_FRAMEWORK_HEADER = YES;
				CLANG_WARN_RANGE_LOOP_ANALYSIS = YES;
				CLANG_WARN_STRICT_PROTOTYPES = YES;
				CLANG_WARN_SUSPICIOUS_MOVE = YES;
				CLANG_WARN_UNGUARDED_AVAILABILITY = YES_AGGRESSIVE;
				CLANG_WARN_UNREACHABLE_CODE = YES;
				CLANG_WARN__DUPLICATE_METHOD_MATCH = YES;
				COPY_PHASE_STRIP = NO;
				DEBUG_INFORMATION_FORMAT = "dwarf-with-dsym";
				ENABLE_NS_ASSERTIONS = NO;
				ENABLE_STRICT_OBJC_MSGSEND = YES;
				GCC_C_LANGUAGE_STANDARD = gnu11;
				GCC_NO_COMMON_BLOCKS = YES;
				GCC_WARN_64_TO_32_BIT_CONVERSION = YES;
				GCC_WARN_ABOUT_RETURN_TYPE = YES_ERROR;
				GCC_WARN_UNDECLARED_SELECTOR = YES;
				GCC_WARN_UNINITIALIZED_AUTOS = YES_AGGRESSIVE;
				GCC_WARN_UNUSED_FUNCTION = YES;
				GCC_WARN_UNUSED_VARIABLE = YES;
				IPHONEOS_DEPLOYMENT_TARGET = 16.4;
				MTL_ENABLE_DEBUG_INFO = NO;
				MTL_FAST_MATH = YES;
				SDKROOT = iphoneos;
				SWIFT_COMPILATION_MODE = wholemodule;
				SWIFT_OPTIMIZATION_LEVEL = "-O";
				VALIDATE_PRODUCT = YES;
			};
			name = Release;
		};
		7C0C08D12ABF51AF005E0D12 /* Debug */ = {
			isa = XCBuildConfiguration;
			buildSettings = {
				ASSETCATALOG_COMPILER_APPICON_NAME = AppIcon;
				ASSETCATALOG_COMPILER_GLOBAL_ACCENT_COLOR_NAME = AccentColor;
				CODE_SIGN_STYLE = Automatic;
				CURRENT_PROJECT_VERSION = 1;
				DEVELOPMENT_ASSET_PATHS = "\"sunscreen_test/Preview Content\"";
				DEVELOPMENT_TEAM = DR7KKNH75M;
				ENABLE_PREVIEWS = YES;
				GENERATE_INFOPLIST_FILE = YES;
				INFOPLIST_KEY_UIApplicationSceneManifest_Generation = YES;
				INFOPLIST_KEY_UIApplicationSupportsIndirectInputEvents = YES;
				INFOPLIST_KEY_UILaunchScreen_Generation = YES;
				INFOPLIST_KEY_UISupportedInterfaceOrientations_iPad = "UIInterfaceOrientationPortrait UIInterfaceOrientationPortraitUpsideDown UIInterfaceOrientationLandscapeLeft UIInterfaceOrientationLandscapeRight";
				INFOPLIST_KEY_UISupportedInterfaceOrientations_iPhone = "UIInterfaceOrientationPortrait UIInterfaceOrientationLandscapeLeft UIInterfaceOrientationLandscapeRight";
				IPHONEOS_DEPLOYMENT_TARGET = 16.0;
				LD_RUNPATH_SEARCH_PATHS = (
					"$(inherited)",
					"@executable_path/Frameworks",
				);
				MARKETING_VERSION = 1.0;
				PRODUCT_BUNDLE_IDENTIFIER = "com.puzzle.sunscreen-test";
				PRODUCT_NAME = "$(TARGET_NAME)";
				SWIFT_EMIT_LOC_STRINGS = YES;
				SWIFT_VERSION = 5.0;
				TARGETED_DEVICE_FAMILY = "1,2";
			};
			name = Debug;
		};
		7C0C08D22ABF51AF005E0D12 /* Release */ = {
			isa = XCBuildConfiguration;
			buildSettings = {
				ASSETCATALOG_COMPILER_APPICON_NAME = AppIcon;
				ASSETCATALOG_COMPILER_GLOBAL_ACCENT_COLOR_NAME = AccentColor;
				CODE_SIGN_STYLE = Automatic;
				CURRENT_PROJECT_VERSION = 1;
				DEVELOPMENT_ASSET_PATHS = "\"sunscreen_test/Preview Content\"";
				DEVELOPMENT_TEAM = DR7KKNH75M;
				ENABLE_PREVIEWS = YES;
				GENERATE_INFOPLIST_FILE = YES;
				INFOPLIST_KEY_UIApplicationSceneManifest_Generation = YES;
				INFOPLIST_KEY_UIApplicationSupportsIndirectInputEvents = YES;
				INFOPLIST_KEY_UILaunchScreen_Generation = YES;
				INFOPLIST_KEY_UISupportedInterfaceOrientations_iPad = "UIInterfaceOrientationPortrait UIInterfaceOrientationPortraitUpsideDown UIInterfaceOrientationLandscapeLeft UIInterfaceOrientationLandscapeRight";
				INFOPLIST_KEY_UISupportedInterfaceOrientations_iPhone = "UIInterfaceOrientationPortrait UIInterfaceOrientationLandscapeLeft UIInterfaceOrientationLandscapeRight";
				IPHONEOS_DEPLOYMENT_TARGET = 16.0;
				LD_RUNPATH_SEARCH_PATHS = (
					"$(inherited)",
					"@executable_path/Frameworks",
				);
				MARKETING_VERSION = 1.0;
				PRODUCT_BUNDLE_IDENTIFIER = "com.puzzle.sunscreen-test";
				PRODUCT_NAME = "$(TARGET_NAME)";
				SWIFT_EMIT_LOC_STRINGS = YES;
				SWIFT_VERSION = 5.0;
				TARGETED_DEVICE_FAMILY = "1,2";
			};
			name = Release;
		};
/* End XCBuildConfiguration section */

/* Begin XCConfigurationList section */
		7C0C08BD2ABF51AE005E0D12 /* Build configuration list for PBXProject "sunscreen_test" */ = {
			isa = XCConfigurationList;
			buildConfigurations = (
				7C0C08CE2ABF51AF005E0D12 /* Debug */,
				7C0C08CF2ABF51AF005E0D12 /* Release */,
			);
			defaultConfigurationIsVisible = 0;
			defaultConfigurationName = Release;
		};
		7C0C08D02ABF51AF005E0D12 /* Build configuration list for PBXNativeTarget "sunscreen_test" */ = {
			isa = XCConfigurationList;
			buildConfigurations = (
				7C0C08D12ABF51AF005E0D12 /* Debug */,
				7C0C08D22ABF51AF005E0D12 /* Release */,
			);
			defaultConfigurationIsVisible = 0;
			defaultConfigurationName = Release;
		};
/* End XCConfigurationList section */
	};
	rootObject = 7C0C08BA2ABF51AE005E0D12 /* Project object */;
}
